// !$*UTF8*$!
{
	archiveVersion = 1;
	classes = {
	};
	objectVersion = 56;
	objects = {

/* Begin PBXBuildFile section */
		F061E59D2A4A1AE400089D32 /* ScoreKeeprApp.swift in Sources */ = {isa = PBXBuildFile; fileRef = F061E59C2A4A1AE400089D32 /* ScoreKeeprApp.swift */; };
		F061E59F2A4A1AE400089D32 /* Persistence.swift in Sources */ = {isa = PBXBuildFile; fileRef = F061E59E2A4A1AE400089D32 /* Persistence.swift */; };
		F061E5A22A4A1AE400089D32 /* ScoreKeepr.xcdatamodeld in Sources */ = {isa = PBXBuildFile; fileRef = F061E5A02A4A1AE400089D32 /* ScoreKeepr.xcdatamodeld */; };
		F061E5A42A4A1AE400089D32 /* ContentView.swift in Sources */ = {isa = PBXBuildFile; fileRef = F061E5A32A4A1AE400089D32 /* ContentView.swift */; };
		F061E5A62A4A1AE500089D32 /* Assets.xcassets in Resources */ = {isa = PBXBuildFile; fileRef = F061E5A52A4A1AE500089D32 /* Assets.xcassets */; };
		F061E5AA2A4A1AE500089D32 /* Preview Assets.xcassets in Resources */ = {isa = PBXBuildFile; fileRef = F061E5A92A4A1AE500089D32 /* Preview Assets.xcassets */; };
		F061E5B42A4A25E100089D32 /* StyledNumber.swift in Sources */ = {isa = PBXBuildFile; fileRef = F061E5B32A4A25E100089D32 /* StyledNumber.swift */; };
		F061E5B62A4A2A5E00089D32 /* Card.swift in Sources */ = {isa = PBXBuildFile; fileRef = F061E5B52A4A2A5E00089D32 /* Card.swift */; };
		F061E5B92A4A373500089D32 /* Card200.swift in Sources */ = {isa = PBXBuildFile; fileRef = F061E5B82A4A373500089D32 /* Card200.swift */; };
		F061E5BB2A4A378F00089D32 /* Card100.swift in Sources */ = {isa = PBXBuildFile; fileRef = F061E5BA2A4A378F00089D32 /* Card100.swift */; };
		F061E5BD2A4A37CE00089D32 /* Card75.swift in Sources */ = {isa = PBXBuildFile; fileRef = F061E5BC2A4A37CE00089D32 /* Card75.swift */; };
		F061E5BF2A4A37FE00089D32 /* Card50.swift in Sources */ = {isa = PBXBuildFile; fileRef = F061E5BE2A4A37FE00089D32 /* Card50.swift */; };
		F061E5C12A4A382100089D32 /* Card25.swift in Sources */ = {isa = PBXBuildFile; fileRef = F061E5C02A4A382100089D32 /* Card25.swift */; };
		F061E5C32A4ACEB000089D32 /* Player.swift in Sources */ = {isa = PBXBuildFile; fileRef = F061E5C22A4ACEB000089D32 /* Player.swift */; };
		F061E5C52A4AD97F00089D32 /* CardRow.swift in Sources */ = {isa = PBXBuildFile; fileRef = F061E5C42A4AD97F00089D32 /* CardRow.swift */; };
		F0E539B22A4AE868009FBA81 /* MilleBornes.swift in Sources */ = {isa = PBXBuildFile; fileRef = F0E539B12A4AE868009FBA81 /* MilleBornes.swift */; };
/* End PBXBuildFile section */

/* Begin PBXFileReference section */
		F061E5992A4A1AE400089D32 /* ScoreKeepr.app */ = {isa = PBXFileReference; explicitFileType = wrapper.application; includeInIndex = 0; path = ScoreKeepr.app; sourceTree = BUILT_PRODUCTS_DIR; };
		F061E59C2A4A1AE400089D32 /* ScoreKeeprApp.swift */ = {isa = PBXFileReference; lastKnownFileType = sourcecode.swift; path = ScoreKeeprApp.swift; sourceTree = "<group>"; };
		F061E59E2A4A1AE400089D32 /* Persistence.swift */ = {isa = PBXFileReference; lastKnownFileType = sourcecode.swift; path = Persistence.swift; sourceTree = "<group>"; };
		F061E5A12A4A1AE400089D32 /* ScoreKeepr.xcdatamodel */ = {isa = PBXFileReference; lastKnownFileType = wrapper.xcdatamodel; path = ScoreKeepr.xcdatamodel; sourceTree = "<group>"; };
		F061E5A32A4A1AE400089D32 /* ContentView.swift */ = {isa = PBXFileReference; lastKnownFileType = sourcecode.swift; path = ContentView.swift; sourceTree = "<group>"; };
		F061E5A52A4A1AE500089D32 /* Assets.xcassets */ = {isa = PBXFileReference; lastKnownFileType = folder.assetcatalog; path = Assets.xcassets; sourceTree = "<group>"; };
		F061E5A72A4A1AE500089D32 /* ScoreKeepr.entitlements */ = {isa = PBXFileReference; lastKnownFileType = text.plist.entitlements; path = ScoreKeepr.entitlements; sourceTree = "<group>"; };
		F061E5A92A4A1AE500089D32 /* Preview Assets.xcassets */ = {isa = PBXFileReference; lastKnownFileType = folder.assetcatalog; path = "Preview Assets.xcassets"; sourceTree = "<group>"; };
		F061E5B32A4A25E100089D32 /* StyledNumber.swift */ = {isa = PBXFileReference; lastKnownFileType = sourcecode.swift; path = StyledNumber.swift; sourceTree = "<group>"; };
		F061E5B52A4A2A5E00089D32 /* Card.swift */ = {isa = PBXFileReference; lastKnownFileType = sourcecode.swift; path = Card.swift; sourceTree = "<group>"; };
		F061E5B82A4A373500089D32 /* Card200.swift */ = {isa = PBXFileReference; lastKnownFileType = sourcecode.swift; path = Card200.swift; sourceTree = "<group>"; };
		F061E5BA2A4A378F00089D32 /* Card100.swift */ = {isa = PBXFileReference; lastKnownFileType = sourcecode.swift; path = Card100.swift; sourceTree = "<group>"; };
		F061E5BC2A4A37CE00089D32 /* Card75.swift */ = {isa = PBXFileReference; lastKnownFileType = sourcecode.swift; path = Card75.swift; sourceTree = "<group>"; };
		F061E5BE2A4A37FE00089D32 /* Card50.swift */ = {isa = PBXFileReference; lastKnownFileType = sourcecode.swift; path = Card50.swift; sourceTree = "<group>"; };
		F061E5C02A4A382100089D32 /* Card25.swift */ = {isa = PBXFileReference; lastKnownFileType = sourcecode.swift; path = Card25.swift; sourceTree = "<group>"; };
		F061E5C22A4ACEB000089D32 /* Player.swift */ = {isa = PBXFileReference; lastKnownFileType = sourcecode.swift; path = Player.swift; sourceTree = "<group>"; };
		F061E5C42A4AD97F00089D32 /* CardRow.swift */ = {isa = PBXFileReference; lastKnownFileType = sourcecode.swift; path = CardRow.swift; sourceTree = "<group>"; };
		F0E539B12A4AE868009FBA81 /* MilleBornes.swift */ = {isa = PBXFileReference; lastKnownFileType = sourcecode.swift; path = MilleBornes.swift; sourceTree = "<group>"; };
/* End PBXFileReference section */

/* Begin PBXFrameworksBuildPhase section */
		F061E5962A4A1AE400089D32 /* Frameworks */ = {
			isa = PBXFrameworksBuildPhase;
			buildActionMask = 2147483647;
			files = (
			);
			runOnlyForDeploymentPostprocessing = 0;
		};
/* End PBXFrameworksBuildPhase section */

/* Begin PBXGroup section */
		F061E5902A4A1AE400089D32 = {
			isa = PBXGroup;
			children = (
				F061E59B2A4A1AE400089D32 /* ScoreKeepr */,
				F061E59A2A4A1AE400089D32 /* Products */,
			);
			sourceTree = "<group>";
		};
		F061E59A2A4A1AE400089D32 /* Products */ = {
			isa = PBXGroup;
			children = (
				F061E5992A4A1AE400089D32 /* ScoreKeepr.app */,
			);
			name = Products;
			sourceTree = "<group>";
		};
		F061E59B2A4A1AE400089D32 /* ScoreKeepr */ = {
			isa = PBXGroup;
			children = (
				F0E539B02A4AE82F009FBA81 /* MilleBornes */,
				F061E59C2A4A1AE400089D32 /* ScoreKeeprApp.swift */,
				F061E59E2A4A1AE400089D32 /* Persistence.swift */,
				F061E5A32A4A1AE400089D32 /* ContentView.swift */,
				F061E5A52A4A1AE500089D32 /* Assets.xcassets */,
				F061E5A72A4A1AE500089D32 /* ScoreKeepr.entitlements */,
				F061E5A02A4A1AE400089D32 /* ScoreKeepr.xcdatamodeld */,
				F061E5A82A4A1AE500089D32 /* Preview Content */,
			);
			path = ScoreKeepr;
			sourceTree = "<group>";
		};
		F061E5A82A4A1AE500089D32 /* Preview Content */ = {
			isa = PBXGroup;
			children = (
				F061E5A92A4A1AE500089D32 /* Preview Assets.xcassets */,
			);
			path = "Preview Content";
			sourceTree = "<group>";
		};
		F061E5B22A4A256300089D32 /* ComponentViews */ = {
			isa = PBXGroup;
			children = (
				F061E5B72A4A36F800089D32 /* Cards */,
				F061E5B32A4A25E100089D32 /* StyledNumber.swift */,
				F061E5C22A4ACEB000089D32 /* Player.swift */,
				F061E5C42A4AD97F00089D32 /* CardRow.swift */,
			);
			path = ComponentViews;
			sourceTree = "<group>";
		};
		F061E5B72A4A36F800089D32 /* Cards */ = {
			isa = PBXGroup;
			children = (
				F061E5B52A4A2A5E00089D32 /* Card.swift */,
				F061E5B82A4A373500089D32 /* Card200.swift */,
				F061E5BA2A4A378F00089D32 /* Card100.swift */,
				F061E5BC2A4A37CE00089D32 /* Card75.swift */,
				F061E5BE2A4A37FE00089D32 /* Card50.swift */,
				F061E5C02A4A382100089D32 /* Card25.swift */,
			);
			path = Cards;
			sourceTree = "<group>";
		};
		F0E539B02A4AE82F009FBA81 /* MilleBornes */ = {
			isa = PBXGroup;
			children = (
				F061E5B22A4A256300089D32 /* ComponentViews */,
				F0E539B12A4AE868009FBA81 /* MilleBornes.swift */,
			);
			path = MilleBornes;
			sourceTree = "<group>";
		};
/* End PBXGroup section */

/* Begin PBXNativeTarget section */
		F061E5982A4A1AE400089D32 /* ScoreKeepr */ = {
			isa = PBXNativeTarget;
			buildConfigurationList = F061E5AD2A4A1AE500089D32 /* Build configuration list for PBXNativeTarget "ScoreKeepr" */;
			buildPhases = (
				F061E5952A4A1AE400089D32 /* Sources */,
				F061E5962A4A1AE400089D32 /* Frameworks */,
				F061E5972A4A1AE400089D32 /* Resources */,
			);
			buildRules = (
			);
			dependencies = (
			);
			name = ScoreKeepr;
			productName = ScoreKeepr;
			productReference = F061E5992A4A1AE400089D32 /* ScoreKeepr.app */;
			productType = "com.apple.product-type.application";
		};
/* End PBXNativeTarget section */

/* Begin PBXProject section */
		F061E5912A4A1AE400089D32 /* Project object */ = {
			isa = PBXProject;
			attributes = {
				BuildIndependentTargetsInParallel = 1;
				LastSwiftUpdateCheck = 1430;
				LastUpgradeCheck = 1430;
				TargetAttributes = {
					F061E5982A4A1AE400089D32 = {
						CreatedOnToolsVersion = 14.3.1;
					};
				};
			};
			buildConfigurationList = F061E5942A4A1AE400089D32 /* Build configuration list for PBXProject "ScoreKeepr" */;
			compatibilityVersion = "Xcode 14.0";
			developmentRegion = en;
			hasScannedForEncodings = 0;
			knownRegions = (
				en,
				Base,
			);
			mainGroup = F061E5902A4A1AE400089D32;
			productRefGroup = F061E59A2A4A1AE400089D32 /* Products */;
			projectDirPath = "";
			projectRoot = "";
			targets = (
				F061E5982A4A1AE400089D32 /* ScoreKeepr */,
			);
		};
/* End PBXProject section */

/* Begin PBXResourcesBuildPhase section */
		F061E5972A4A1AE400089D32 /* Resources */ = {
			isa = PBXResourcesBuildPhase;
			buildActionMask = 2147483647;
			files = (
				F061E5AA2A4A1AE500089D32 /* Preview Assets.xcassets in Resources */,
				F061E5A62A4A1AE500089D32 /* Assets.xcassets in Resources */,
			);
			runOnlyForDeploymentPostprocessing = 0;
		};
/* End PBXResourcesBuildPhase section */

/* Begin PBXSourcesBuildPhase section */
		F061E5952A4A1AE400089D32 /* Sources */ = {
			isa = PBXSourcesBuildPhase;
			buildActionMask = 2147483647;
			files = (
				F061E59D2A4A1AE400089D32 /* ScoreKeeprApp.swift in Sources */,
				F061E5B62A4A2A5E00089D32 /* Card.swift in Sources */,
				F061E5BD2A4A37CE00089D32 /* Card75.swift in Sources */,
				F061E5C12A4A382100089D32 /* Card25.swift in Sources */,
				F061E5C32A4ACEB000089D32 /* Player.swift in Sources */,
				F061E59F2A4A1AE400089D32 /* Persistence.swift in Sources */,
				F0E539B22A4AE868009FBA81 /* MilleBornes.swift in Sources */,
				F061E5BB2A4A378F00089D32 /* Card100.swift in Sources */,
				F061E5A42A4A1AE400089D32 /* ContentView.swift in Sources */,
				F061E5C52A4AD97F00089D32 /* CardRow.swift in Sources */,
				F061E5A22A4A1AE400089D32 /* ScoreKeepr.xcdatamodeld in Sources */,
				F061E5B42A4A25E100089D32 /* StyledNumber.swift in Sources */,
				F061E5BF2A4A37FE00089D32 /* Card50.swift in Sources */,
				F061E5B92A4A373500089D32 /* Card200.swift in Sources */,
			);
			runOnlyForDeploymentPostprocessing = 0;
		};
/* End PBXSourcesBuildPhase section */

/* Begin XCBuildConfiguration section */
		F061E5AB2A4A1AE500089D32 /* Debug */ = {
			isa = XCBuildConfiguration;
			buildSettings = {
				ALWAYS_SEARCH_USER_PATHS = NO;
				CLANG_ANALYZER_NONNULL = YES;
				CLANG_ANALYZER_NUMBER_OBJECT_CONVERSION = YES_AGGRESSIVE;
				CLANG_CXX_LANGUAGE_STANDARD = "gnu++20";
				CLANG_ENABLE_MODULES = YES;
				CLANG_ENABLE_OBJC_ARC = YES;
				CLANG_ENABLE_OBJC_WEAK = YES;
				CLANG_WARN_BLOCK_CAPTURE_AUTORELEASING = YES;
				CLANG_WARN_BOOL_CONVERSION = YES;
				CLANG_WARN_COMMA = YES;
				CLANG_WARN_CONSTANT_CONVERSION = YES;
				CLANG_WARN_DEPRECATED_OBJC_IMPLEMENTATIONS = YES;
				CLANG_WARN_DIRECT_OBJC_ISA_USAGE = YES_ERROR;
				CLANG_WARN_DOCUMENTATION_COMMENTS = YES;
				CLANG_WARN_EMPTY_BODY = YES;
				CLANG_WARN_ENUM_CONVERSION = YES;
				CLANG_WARN_INFINITE_RECURSION = YES;
				CLANG_WARN_INT_CONVERSION = YES;
				CLANG_WARN_NON_LITERAL_NULL_CONVERSION = YES;
				CLANG_WARN_OBJC_IMPLICIT_RETAIN_SELF = YES;
				CLANG_WARN_OBJC_LITERAL_CONVERSION = YES;
				CLANG_WARN_OBJC_ROOT_CLASS = YES_ERROR;
				CLANG_WARN_QUOTED_INCLUDE_IN_FRAMEWORK_HEADER = YES;
				CLANG_WARN_RANGE_LOOP_ANALYSIS = YES;
				CLANG_WARN_STRICT_PROTOTYPES = YES;
				CLANG_WARN_SUSPICIOUS_MOVE = YES;
				CLANG_WARN_UNGUARDED_AVAILABILITY = YES_AGGRESSIVE;
				CLANG_WARN_UNREACHABLE_CODE = YES;
				CLANG_WARN__DUPLICATE_METHOD_MATCH = YES;
				COPY_PHASE_STRIP = NO;
				DEBUG_INFORMATION_FORMAT = dwarf;
				ENABLE_STRICT_OBJC_MSGSEND = YES;
				ENABLE_TESTABILITY = YES;
				GCC_C_LANGUAGE_STANDARD = gnu11;
				GCC_DYNAMIC_NO_PIC = NO;
				GCC_NO_COMMON_BLOCKS = YES;
				GCC_OPTIMIZATION_LEVEL = 0;
				GCC_PREPROCESSOR_DEFINITIONS = (
					"DEBUG=1",
					"$(inherited)",
				);
				GCC_WARN_64_TO_32_BIT_CONVERSION = YES;
				GCC_WARN_ABOUT_RETURN_TYPE = YES_ERROR;
				GCC_WARN_UNDECLARED_SELECTOR = YES;
				GCC_WARN_UNINITIALIZED_AUTOS = YES_AGGRESSIVE;
				GCC_WARN_UNUSED_FUNCTION = YES;
				GCC_WARN_UNUSED_VARIABLE = YES;
				MTL_ENABLE_DEBUG_INFO = INCLUDE_SOURCE;
				MTL_FAST_MATH = YES;
				ONLY_ACTIVE_ARCH = YES;
				SWIFT_ACTIVE_COMPILATION_CONDITIONS = DEBUG;
				SWIFT_OPTIMIZATION_LEVEL = "-Onone";
			};
			name = Debug;
		};
		F061E5AC2A4A1AE500089D32 /* Release */ = {
			isa = XCBuildConfiguration;
			buildSettings = {
				ALWAYS_SEARCH_USER_PATHS = NO;
				CLANG_ANALYZER_NONNULL = YES;
				CLANG_ANALYZER_NUMBER_OBJECT_CONVERSION = YES_AGGRESSIVE;
				CLANG_CXX_LANGUAGE_STANDARD = "gnu++20";
				CLANG_ENABLE_MODULES = YES;
				CLANG_ENABLE_OBJC_ARC = YES;
				CLANG_ENABLE_OBJC_WEAK = YES;
				CLANG_WARN_BLOCK_CAPTURE_AUTORELEASING = YES;
				CLANG_WARN_BOOL_CONVERSION = YES;
				CLANG_WARN_COMMA = YES;
				CLANG_WARN_CONSTANT_CONVERSION = YES;
				CLANG_WARN_DEPRECATED_OBJC_IMPLEMENTATIONS = YES;
				CLANG_WARN_DIRECT_OBJC_ISA_USAGE = YES_ERROR;
				CLANG_WARN_DOCUMENTATION_COMMENTS = YES;
				CLANG_WARN_EMPTY_BODY = YES;
				CLANG_WARN_ENUM_CONVERSION = YES;
				CLANG_WARN_INFINITE_RECURSION = YES;
				CLANG_WARN_INT_CONVERSION = YES;
				CLANG_WARN_NON_LITERAL_NULL_CONVERSION = YES;
				CLANG_WARN_OBJC_IMPLICIT_RETAIN_SELF = YES;
				CLANG_WARN_OBJC_LITERAL_CONVERSION = YES;
				CLANG_WARN_OBJC_ROOT_CLASS = YES_ERROR;
				CLANG_WARN_QUOTED_INCLUDE_IN_FRAMEWORK_HEADER = YES;
				CLANG_WARN_RANGE_LOOP_ANALYSIS = YES;
				CLANG_WARN_STRICT_PROTOTYPES = YES;
				CLANG_WARN_SUSPICIOUS_MOVE = YES;
				CLANG_WARN_UNGUARDED_AVAILABILITY = YES_AGGRESSIVE;
				CLANG_WARN_UNREACHABLE_CODE = YES;
				CLANG_WARN__DUPLICATE_METHOD_MATCH = YES;
				COPY_PHASE_STRIP = NO;
				DEBUG_INFORMATION_FORMAT = "dwarf-with-dsym";
				ENABLE_NS_ASSERTIONS = NO;
				ENABLE_STRICT_OBJC_MSGSEND = YES;
				GCC_C_LANGUAGE_STANDARD = gnu11;
				GCC_NO_COMMON_BLOCKS = YES;
				GCC_WARN_64_TO_32_BIT_CONVERSION = YES;
				GCC_WARN_ABOUT_RETURN_TYPE = YES_ERROR;
				GCC_WARN_UNDECLARED_SELECTOR = YES;
				GCC_WARN_UNINITIALIZED_AUTOS = YES_AGGRESSIVE;
				GCC_WARN_UNUSED_FUNCTION = YES;
				GCC_WARN_UNUSED_VARIABLE = YES;
				MTL_ENABLE_DEBUG_INFO = NO;
				MTL_FAST_MATH = YES;
				SWIFT_COMPILATION_MODE = wholemodule;
				SWIFT_OPTIMIZATION_LEVEL = "-O";
			};
			name = Release;
		};
		F061E5AE2A4A1AE500089D32 /* Debug */ = {
			isa = XCBuildConfiguration;
			buildSettings = {
				ASSETCATALOG_COMPILER_APPICON_NAME = AppIcon;
				ASSETCATALOG_COMPILER_GLOBAL_ACCENT_COLOR_NAME = AccentColor;
				CODE_SIGN_ENTITLEMENTS = ScoreKeepr/ScoreKeepr.entitlements;
				CODE_SIGN_STYLE = Automatic;
				CURRENT_PROJECT_VERSION = 1;
				DEVELOPMENT_ASSET_PATHS = "\"ScoreKeepr/Preview Content\"";
				DEVELOPMENT_TEAM = ARUQL3PC63;
				ENABLE_HARDENED_RUNTIME = YES;
				ENABLE_PREVIEWS = YES;
				GENERATE_INFOPLIST_FILE = YES;
				"INFOPLIST_KEY_UIApplicationSceneManifest_Generation[sdk=iphoneos*]" = YES;
				"INFOPLIST_KEY_UIApplicationSceneManifest_Generation[sdk=iphonesimulator*]" = YES;
				"INFOPLIST_KEY_UIApplicationSupportsIndirectInputEvents[sdk=iphoneos*]" = YES;
				"INFOPLIST_KEY_UIApplicationSupportsIndirectInputEvents[sdk=iphonesimulator*]" = YES;
				"INFOPLIST_KEY_UILaunchScreen_Generation[sdk=iphoneos*]" = YES;
				"INFOPLIST_KEY_UILaunchScreen_Generation[sdk=iphonesimulator*]" = YES;
				"INFOPLIST_KEY_UIStatusBarStyle[sdk=iphoneos*]" = UIStatusBarStyleDefault;
				"INFOPLIST_KEY_UIStatusBarStyle[sdk=iphonesimulator*]" = UIStatusBarStyleDefault;
				INFOPLIST_KEY_UISupportedInterfaceOrientations_iPad = "UIInterfaceOrientationPortrait UIInterfaceOrientationPortraitUpsideDown UIInterfaceOrientationLandscapeLeft UIInterfaceOrientationLandscapeRight";
				INFOPLIST_KEY_UISupportedInterfaceOrientations_iPhone = "UIInterfaceOrientationPortrait UIInterfaceOrientationLandscapeLeft UIInterfaceOrientationLandscapeRight";
				IPHONEOS_DEPLOYMENT_TARGET = 16.1;
				LD_RUNPATH_SEARCH_PATHS = "@executable_path/Frameworks";
				"LD_RUNPATH_SEARCH_PATHS[sdk=macosx*]" = "@executable_path/../Frameworks";
				MACOSX_DEPLOYMENT_TARGET = 13.3;
				MARKETING_VERSION = 1.0;
				PRODUCT_BUNDLE_IDENTIFIER = com.garrisonblair.scorekeepr.ScoreKeepr;
				PRODUCT_NAME = "$(TARGET_NAME)";
				SDKROOT = auto;
				SUPPORTED_PLATFORMS = "iphoneos iphonesimulator macosx";
				SWIFT_EMIT_LOC_STRINGS = YES;
				SWIFT_VERSION = 5.0;
				TARGETED_DEVICE_FAMILY = "1,2";
			};
			name = Debug;
		};
		F061E5AF2A4A1AE500089D32 /* Release */ = {
			isa = XCBuildConfiguration;
			buildSettings = {
				ASSETCATALOG_COMPILER_APPICON_NAME = AppIcon;
				ASSETCATALOG_COMPILER_GLOBAL_ACCENT_COLOR_NAME = AccentColor;
				CODE_SIGN_ENTITLEMENTS = ScoreKeepr/ScoreKeepr.entitlements;
				CODE_SIGN_STYLE = Automatic;
				CURRENT_PROJECT_VERSION = 1;
				DEVELOPMENT_ASSET_PATHS = "\"ScoreKeepr/Preview Content\"";
				DEVELOPMENT_TEAM = ARUQL3PC63;
				ENABLE_HARDENED_RUNTIME = YES;
				ENABLE_PREVIEWS = YES;
				GENERATE_INFOPLIST_FILE = YES;
				"INFOPLIST_KEY_UIApplicationSceneManifest_Generation[sdk=iphoneos*]" = YES;
				"INFOPLIST_KEY_UIApplicationSceneManifest_Generation[sdk=iphonesimulator*]" = YES;
				"INFOPLIST_KEY_UIApplicationSupportsIndirectInputEvents[sdk=iphoneos*]" = YES;
				"INFOPLIST_KEY_UIApplicationSupportsIndirectInputEvents[sdk=iphonesimulator*]" = YES;
				"INFOPLIST_KEY_UILaunchScreen_Generation[sdk=iphoneos*]" = YES;
				"INFOPLIST_KEY_UILaunchScreen_Generation[sdk=iphonesimulator*]" = YES;
				"INFOPLIST_KEY_UIStatusBarStyle[sdk=iphoneos*]" = UIStatusBarStyleDefault;
				"INFOPLIST_KEY_UIStatusBarStyle[sdk=iphonesimulator*]" = UIStatusBarStyleDefault;
				INFOPLIST_KEY_UISupportedInterfaceOrientations_iPad = "UIInterfaceOrientationPortrait UIInterfaceOrientationPortraitUpsideDown UIInterfaceOrientationLandscapeLeft UIInterfaceOrientationLandscapeRight";
				INFOPLIST_KEY_UISupportedInterfaceOrientations_iPhone = "UIInterfaceOrientationPortrait UIInterfaceOrientationLandscapeLeft UIInterfaceOrientationLandscapeRight";
				IPHONEOS_DEPLOYMENT_TARGET = 16.1;
				LD_RUNPATH_SEARCH_PATHS = "@executable_path/Frameworks";
				"LD_RUNPATH_SEARCH_PATHS[sdk=macosx*]" = "@executable_path/../Frameworks";
				MACOSX_DEPLOYMENT_TARGET = 13.3;
				MARKETING_VERSION = 1.0;
				PRODUCT_BUNDLE_IDENTIFIER = com.garrisonblair.scorekeepr.ScoreKeepr;
				PRODUCT_NAME = "$(TARGET_NAME)";
				SDKROOT = auto;
				SUPPORTED_PLATFORMS = "iphoneos iphonesimulator macosx";
				SWIFT_EMIT_LOC_STRINGS = YES;
				SWIFT_VERSION = 5.0;
				TARGETED_DEVICE_FAMILY = "1,2";
			};
			name = Release;
		};
/* End XCBuildConfiguration section */

/* Begin XCConfigurationList section */
		F061E5942A4A1AE400089D32 /* Build configuration list for PBXProject "ScoreKeepr" */ = {
			isa = XCConfigurationList;
			buildConfigurations = (
				F061E5AB2A4A1AE500089D32 /* Debug */,
				F061E5AC2A4A1AE500089D32 /* Release */,
			);
			defaultConfigurationIsVisible = 0;
			defaultConfigurationName = Release;
		};
		F061E5AD2A4A1AE500089D32 /* Build configuration list for PBXNativeTarget "ScoreKeepr" */ = {
			isa = XCConfigurationList;
			buildConfigurations = (
				F061E5AE2A4A1AE500089D32 /* Debug */,
				F061E5AF2A4A1AE500089D32 /* Release */,
			);
			defaultConfigurationIsVisible = 0;
			defaultConfigurationName = Release;
		};
/* End XCConfigurationList section */

/* Begin XCVersionGroup section */
		F061E5A02A4A1AE400089D32 /* ScoreKeepr.xcdatamodeld */ = {
			isa = XCVersionGroup;
			children = (
				F061E5A12A4A1AE400089D32 /* ScoreKeepr.xcdatamodel */,
			);
			currentVersion = F061E5A12A4A1AE400089D32 /* ScoreKeepr.xcdatamodel */;
			path = ScoreKeepr.xcdatamodeld;
			sourceTree = "<group>";
			versionGroupType = wrapper.xcdatamodel;
		};
/* End XCVersionGroup section */
	};
	rootObject = F061E5912A4A1AE400089D32 /* Project object */;
}
